{
  "lockfileVersion": 1,
  "configVersion": 1,
  "workspaces": {
    "": {
      "name": "tcrb",
      "dependencies": {
        "@mtcute/bun": "^0.31.0",
      },
      "devDependencies": {
        "@types/bun": "latest",
      },
      "peerDependencies": {
        "typescript": "^5",
      },
    },
  },
  "packages": {
    "@fuman/bun": ["@fuman/bun@0.0.21", "", { "dependencies": { "@fuman/io": "^0.0.21", "@fuman/net": "^0.0.21", "@fuman/utils": "^0.0.21" } }, "sha512-yWCFrBrZEhpsRu3LBYz5yx8XadTBgagNz1IHThbb+wK4Gj+tYFET6j6juoA+d2M1ff7vVPPfiN9YnkapyFEjbg=="],

    "@fuman/io": ["@fuman/io@0.0.21", "", { "dependencies": { "@fuman/utils": "^0.0.21" } }, "sha512-8tSqmAUBWFdYrQUednl3I3VxLudaVXfyCqmPyiaDAXgmABTnjD2LvbXoJ7StrV9bvlrwVmwE+smwiKXSJtji0g=="],

    "@fuman/net": ["@fuman/net@0.0.21", "", { "dependencies": { "@fuman/io": "^0.0.21", "@fuman/utils": "^0.0.21" } }, "sha512-4PbDA2f6SfR5CtOs7omZNrrRh1X23KQBI0XmpL/r1fVd726H6+IfhDRxm/fgNKlLgMwe6pGbI/hzt8JU0y0sgw=="],

    "@fuman/utils": ["@fuman/utils@0.0.21", "", {}, "sha512-2N5bPK18uGgZRans+ZQ33SE+xSGj4BZNnJbSUnGdH/i4ADTdz/ziC/16Qy3/Jqzbrwr21IpuKObnELp8DDfkDQ=="],

    "@mtcute/bun": ["@mtcute/bun@0.31.0", "", { "dependencies": { "@fuman/bun": "0.0.21", "@fuman/io": "0.0.21", "@fuman/net": "0.0.21", "@fuman/utils": "0.0.21", "@mtcute/core": "^0.31.0", "@mtcute/html-parser": "^0.31.0", "@mtcute/markdown-parser": "^0.31.0", "@mtcute/wasm": "^0.31.0" } }, "sha512-E5E6PrGrsGVh4vBZvftHpMrDGvvSZl79MwMIF4AmqdTgjF4pF0LLvhLG+yJzH03gJ1EmsyoJB/aVQI0jU9euFw=="],

    "@mtcute/core": ["@mtcute/core@0.31.0", "", { "dependencies": { "@fuman/io": "0.0.21", "@fuman/net": "0.0.21", "@fuman/utils": "0.0.21", "@mtcute/file-id": "^0.31.0", "@mtcute/tl-runtime": "^0.31.0", "@types/events": "3.0.0", "long": "^5.3.2" } }, "sha512-54w+3/4iZaQcY2eDxeswSrD9gutkDF+YWVKC97yU7JEJkdwpUvCmoGLcsxjAK6AQu5ipO8/+vPM0AdUZVFUtQg=="],

    "@mtcute/file-id": ["@mtcute/file-id@0.31.0", "", { "dependencies": { "@fuman/utils": "0.0.21", "@mtcute/tl-runtime": "^0.31.0", "long": "^5.3.2" } }, "sha512-hf0ZdPapa/zdtDlRzoffPEmFYHhC3HpkA5KvxJrRaKTP9boXLJ0qrgYSKPE/58Q247bcAccZxRXJg0c9d6hKzA=="],

    "@mtcute/html-parser": ["@mtcute/html-parser@0.31.0", "", { "dependencies": { "@mtcute/core": "^0.31.0", "htmlparser2": "^10.0.0", "long": "^5.3.2" } }, "sha512-pOGx9KYe5VU0/JjeFOzxPf+cb/I+mDRWU0f97dTq3LJUSjisbGoJ3dCUlYXJb38s495ar2Cb96+22iqDviurKw=="],

    "@mtcute/markdown-parser": ["@mtcute/markdown-parser@0.31.0", "", { "dependencies": { "@mtcute/core": "^0.31.0", "long": "^5.3.2" } }, "sha512-PfGJslFkcNX4sm+o7tn7dEc0lNHp1lVXxNafhaqTEHfXV5n+VE5hh9j8cKds0OHXu6tGqA6Pe6rXfz50dMflsg=="],

    "@mtcute/tl-runtime": ["@mtcute/tl-runtime@0.31.0", "", { "dependencies": { "@fuman/utils": "0.0.21", "long": "^5.3.2" } }, "sha512-WQmSidKtLc2bqhp6GUuuA+SPt95kCfTNsEJ+WiTXRscN/NddkK7KTuUmvRO4LYz3Qic3JyD2WvDDOg9P00ktFA=="],

    "@mtcute/wasm": ["@mtcute/wasm@0.31.0", "", {}, "sha512-w63BQpL1o/LOP6hzBeLKQw4GIr8kAmCOgztfrjJfBho8M544Euf/FyH8+WXxdmJmiLiUB2ZEL0C3k4a3U+2t8Q=="],

    "@types/bun": ["@types/bun@1.3.14", "", { "dependencies": { "bun-types": "1.3.14" } }, "sha512-h1hFqFVcvAvD9j9K7ZW7vd82aSA+rTdznZa+5bwvCwqSB1jmmfLcbIWhOLx1/+boy/xmjgCs/OMUL8hRJSmnPw=="],

    "@types/events": ["@types/events@3.0.0", "", {}, "sha512-EaObqwIvayI5a8dCzhFrjKzVwKLxjoG9T6Ppd5CEo07LRKfQ8Yokw54r5+Wq7FaBQ+yXRvQAYPrHwya1/UFt9g=="],

    "@types/node": ["@types/node@26.2.0", "", { "dependencies": { "undici-types": "~8.3.0" } }, "sha512-5IviulTZeRNp2vAJ514cc/HUlY5nZ9fCbq9DMyC52BrhFZACo3nI0R7qBxhQmo/d27NFe96ur/b7Wwxklda+kg=="],

    "bun-types": ["bun-types@1.3.14", "", { "dependencies": { "@types/node": "*" } }, "sha512-4N0ig0fEomHt5R0KCFWjovxow98rIoRwKolrYdCcknNwMekCXRnWEUvgu5soYV8QXtVsrUD8B95MBOZGPvr6KQ=="],

    "dom-serializer": ["dom-serializer@2.0.0", "", { "dependencies": { "domelementtype": "^2.3.0", "domhandler": "^5.0.2", "entities": "^4.2.0" } }, "sha512-wIkAryiqt/nV5EQKqQpo3SToSOV9J0DnbJqwK7Wv/Trc92zIAYZ4FlMu+JPFW1DfGFt81ZTCGgDEabffXeLyJg=="],

    "domelementtype": ["domelementtype@2.3.0", "", {}, "sha512-OLETBj6w0OsagBwdXnPdN0cnMfF9opN69co+7ZrbfPGrdpPVNBUj02spi6B1N7wChLQiPn4CSH/zJvXw56gmHw=="],

    "domhandler": ["domhandler@5.0.3", "", { "dependencies": { "domelementtype": "^2.3.0" } }, "sha512-cgwlv/1iFQiFnU96XXgROh8xTeetsnJiDsTc7TYCLFd9+/WNkIqPTxiM/8pSd8VIrhXGTf1Ny1q1hquVqDJB5w=="],

    "domutils": ["domutils@3.2.2", "", { "dependencies": { "dom-serializer": "^2.0.0", "domelementtype": "^2.3.0", "domhandler": "^5.0.3" } }, "sha512-6kZKyUajlDuqlHKVX1w7gyslj9MPIXzIFiz/rGu35uC1wMi+kMhQwGhl4lt9unC9Vb9INnY9Z3/ZA3+FhASLaw=="],

    "entities": ["entities@7.0.1", "", {}, "sha512-TWrgLOFUQTH994YUyl1yT4uyavY5nNB5muff+RtWaqNVCAK408b5ZnnbNAUEWLTCpum9w6arT70i1XdQ4UeOPA=="],

    "htmlparser2": ["htmlparser2@10.1.0", "", { "dependencies": { "domelementtype": "^2.3.0", "domhandler": "^5.0.3", "domutils": "^3.2.2", "entities": "^7.0.1" } }, "sha512-VTZkM9GWRAtEpveh7MSF6SjjrpNVNNVJfFup7xTY3UpFtm67foy9HDVXneLtFVt4pMz5kZtgNcvCniNFb1hlEQ=="],

    "long": ["long@5.3.2", "", {}, "sha512-mNAgZ1GmyNhD7AuqnTG3/VQ26o760+ZYBPKjPvugO8+nLbYfX6TVpJPseBvopbdY+qpZ/lKUnmEc1LeZYS3QAA=="],

    "typescript": ["typescript@5.9.3", "", { "bin": { "tsc": "bin/tsc", "tsserver": "bin/tsserver" } }, "sha512-jl1vZzPDinLr9eUt3J/t7V6FgNEw9QjvBPdysz9KfQDD41fQrC2Y4vKQdiaUpFT4bXlb1RHhLpp8wtm6M5TgSw=="],

    "undici-types": ["undici-types@8.3.0", "", {}, "sha512-j375ScV60dom+YkPFIfTLcOiPxkN/buHz5GobjLhixFuANaNs3C9l4GmrWqejgXWJ7BbJcFYpTEUkS1Ge8bpZQ=="],

    "dom-serializer/entities": ["entities@4.5.0", "", {}, "sha512-V0hjH4dGPh9Ao5p0MoRY6BVqtwCjhz6vI5LT8AJ55H+4g9/4vbHx1I54fS0XuclLhDHArPQCiMjDxjaL8fPxhw=="],
  }
}
